
Microsoft Visual Studio Solution File, Format Version 12.00
# Visual Studio 15
VisualStudioVersion = 15.0.28010.2019
MinimumVisualStudioVersion = 10.0.40219.1
Project("{FAE04EC0-301F-11D3-BF4B-00C04F79EFBC}") = "PickYourTunes", "PickYourTunes\PickYourTunes.csproj", "{E7D4BF93-0A12-44F8-B61C-8F45C5BFAEC8}"
EndProject
Global
	GlobalSection(SolutionConfigurationPlatforms) = preSolution
		Debug|x64 = Debug|x64
		Release|x64 = Release|x64
	EndGlobalSection
	GlobalSection(ProjectConfigurationPlatforms) = postSolution
		{E7D4BF93-0A12-44F8-B61C-8F45C5BFAEC8}.Debug|x64.ActiveCfg = Debug|x64
		{E7D4BF93-0A12-44F8-B61C-8F45C5BFAEC8}.Debug|x64.Build.0 = Debug|x64
		{E7D4BF93-0A12-44F8-B61C-8F45C5BFAEC8}.Release|x64.ActiveCfg = Release|x64
		{E7D4BF93-0A12-44F8-B61C-8F45C5BFAEC8}.Release|x64.Build.0 = Release|x64
	EndGlobalSection
	GlobalSection(SolutionProperties) = preSolution
		HideSolutionNode = FALSE
	EndGlobalSection
	GlobalSection(ExtensibilityGlobals) = postSolution
		SolutionGuid = {030FDAC0-8B52-4549-9519-DCE45B95C2A2}
	EndGlobalSection
EndGlobal
